
Microsoft Visual Studio Solution File, Format Version 12.00
# Visual Studio Version 17
VisualStudioVersion = 17.13.35806.99
MinimumVisualStudioVersion = 10.0.40219.1
Project("{FAE04EC0-301F-11D3-BF4B-00C04F79EFBC}") = "AdminIvoire.Domain", "AdminIvoire.Domain\AdminIvoire.Domain.csproj", "{410B3B15-4971-4136-BE64-F520365AEE4B}"
EndProject
Project("{2150E333-8FDC-42A3-9474-1A3956D46DE8}") = "Solution Items", "Solution Items", "{02EA681E-C7D8-13C7-8484-4AC65E1B71E8}"
	ProjectSection(SolutionItems) = preProject
		.editorconfig = .editorconfig
	EndProjectSection
EndProject
Project("{FAE04EC0-301F-11D3-BF4B-00C04F79EFBC}") = "AdminIvoire.Infrastructure", "AdminIvoire.Infrastructure\AdminIvoire.Infrastructure.csproj", "{26A1FD2B-3F9F-4670-A45B-1351ABF6BE64}"
EndProject
Project("{FAE04EC0-301F-11D3-BF4B-00C04F79EFBC}") = "AdminIvoire.Application", "AdminIvoire.Application\AdminIvoire.Application.csproj", "{6FCE9E6A-BEEE-41E2-8BE9-8E4245089956}"
EndProject
Project("{2150E333-8FDC-42A3-9474-1A3956D46DE8}") = "Tests", "Tests", "{0B4156AE-204D-471B-81BB-D7F3A8D84A52}"
EndProject
Project("{FAE04EC0-301F-11D3-BF4B-00C04F79EFBC}") = "AdminIvoire.Infrastructure.Tests", "AdminIvoire.Infrastructure.Tests\AdminIvoire.Infrastructure.Tests.csproj", "{72E0F5E2-CCBA-4EEF-ABB1-1D6DF1F41C91}"
EndProject
Project("{2150E333-8FDC-42A3-9474-1A3956D46DE8}") = "Data", "Data", "{91957EE1-107B-467E-849E-EB103D27EE4B}"
	ProjectSection(SolutionItems) = preProject
		Recensement General de la Population et de l'Habitat (RGPH) 2021.csv = Recensement General de la Population et de l'Habitat (RGPH) 2021.csv
	EndProjectSection
EndProject
Project("{FAE04EC0-301F-11D3-BF4B-00C04F79EFBC}") = "AdminIvoire.Application.Tests", "AdminIvoire.Application.Tests\AdminIvoire.Application.Tests.csproj", "{43A27BE7-B850-4F2C-B738-704C153E159C}"
EndProject
Global
	GlobalSection(SolutionConfigurationPlatforms) = preSolution
		Debug|Any CPU = Debug|Any CPU
		Release|Any CPU = Release|Any CPU
	EndGlobalSection
	GlobalSection(ProjectConfigurationPlatforms) = postSolution
		{410B3B15-4971-4136-BE64-F520365AEE4B}.Debug|Any CPU.ActiveCfg = Debug|Any CPU
		{410B3B15-4971-4136-BE64-F520365AEE4B}.Debug|Any CPU.Build.0 = Debug|Any CPU
		{410B3B15-4971-4136-BE64-F520365AEE4B}.Release|Any CPU.ActiveCfg = Release|Any CPU
		{410B3B15-4971-4136-BE64-F520365AEE4B}.Release|Any CPU.Build.0 = Release|Any CPU
		{26A1FD2B-3F9F-4670-A45B-1351ABF6BE64}.Debug|Any CPU.ActiveCfg = Debug|Any CPU
		{26A1FD2B-3F9F-4670-A45B-1351ABF6BE64}.Debug|Any CPU.Build.0 = Debug|Any CPU
		{26A1FD2B-3F9F-4670-A45B-1351ABF6BE64}.Release|Any CPU.ActiveCfg = Release|Any CPU
		{26A1FD2B-3F9F-4670-A45B-1351ABF6BE64}.Release|Any CPU.Build.0 = Release|Any CPU
		{6FCE9E6A-BEEE-41E2-8BE9-8E4245089956}.Debug|Any CPU.ActiveCfg = Debug|Any CPU
		{6FCE9E6A-BEEE-41E2-8BE9-8E4245089956}.Debug|Any CPU.Build.0 = Debug|Any CPU
		{6FCE9E6A-BEEE-41E2-8BE9-8E4245089956}.Release|Any CPU.ActiveCfg = Release|Any CPU
		{6FCE9E6A-BEEE-41E2-8BE9-8E4245089956}.Release|Any CPU.Build.0 = Release|Any CPU
		{72E0F5E2-CCBA-4EEF-ABB1-1D6DF1F41C91}.Debug|Any CPU.ActiveCfg = Debug|Any CPU
		{72E0F5E2-CCBA-4EEF-ABB1-1D6DF1F41C91}.Debug|Any CPU.Build.0 = Debug|Any CPU
		{72E0F5E2-CCBA-4EEF-ABB1-1D6DF1F41C91}.Release|Any CPU.ActiveCfg = Release|Any CPU
		{72E0F5E2-CCBA-4EEF-ABB1-1D6DF1F41C91}.Release|Any CPU.Build.0 = Release|Any CPU
		{43A27BE7-B850-4F2C-B738-704C153E159C}.Debug|Any CPU.ActiveCfg = Debug|Any CPU
		{43A27BE7-B850-4F2C-B738-704C153E159C}.Debug|Any CPU.Build.0 = Debug|Any CPU
		{43A27BE7-B850-4F2C-B738-704C153E159C}.Release|Any CPU.ActiveCfg = Release|Any CPU
		{43A27BE7-B850-4F2C-B738-704C153E159C}.Release|Any CPU.Build.0 = Release|Any CPU
	EndGlobalSection
	GlobalSection(SolutionProperties) = preSolution
		HideSolutionNode = FALSE
	EndGlobalSection
	GlobalSection(NestedProjects) = preSolution
		{72E0F5E2-CCBA-4EEF-ABB1-1D6DF1F41C91} = {0B4156AE-204D-471B-81BB-D7F3A8D84A52}
		{43A27BE7-B850-4F2C-B738-704C153E159C} = {0B4156AE-204D-471B-81BB-D7F3A8D84A52}
	EndGlobalSection
	GlobalSection(ExtensibilityGlobals) = postSolution
		SolutionGuid = {BCACC4C9-B663-4A6A-8B39-DA4ABBFD5481}
	EndGlobalSection
EndGlobal
